// !$*UTF8*$!
{
	archiveVersion = 1;
	classes = {
	};
	objectVersion = 50;
	objects = {

/* Begin PBXBuildFile section */
		B28C650822B120AE00916810 /* AppDelegate.swift in Sources */ = {isa = PBXBuildFile; fileRef = B28C650722B120AE00916810 /* AppDelegate.swift */; };
		B28C650A22B120AE00916810 /* Assets.xcassets in Resources */ = {isa = PBXBuildFile; fileRef = B28C650922B120AE00916810 /* Assets.xcassets */; };
		B28C650D22B120AE00916810 /* MainMenu.xib in Resources */ = {isa = PBXBuildFile; fileRef = B28C650B22B120AE00916810 /* MainMenu.xib */; };
		B28C651922B120AF00916810 /* LoadFontsFromDiskTests.swift in Sources */ = {isa = PBXBuildFile; fileRef = B28C651822B120AF00916810 /* LoadFontsFromDiskTests.swift */; };
		B28C652422B120D900916810 /* NSFont + initFromPath.swift in Sources */ = {isa = PBXBuildFile; fileRef = B28C652322B120D900916810 /* NSFont + initFromPath.swift */; };
		B28C652822B1901200916810 /* Tree Protocol.swift in Sources */ = {isa = PBXBuildFile; fileRef = B28C652722B1901200916810 /* Tree Protocol.swift */; };
		B28C652A22B1908500916810 /* FilesTree.swift in Sources */ = {isa = PBXBuildFile; fileRef = B28C652922B1908500916810 /* FilesTree.swift */; };
/* End PBXBuildFile section */

/* Begin PBXContainerItemProxy section */
		B28C651522B120AF00916810 /* PBXContainerItemProxy */ = {
			isa = PBXContainerItemProxy;
			containerPortal = B28C64FC22B120AE00916810 /* Project object */;
			proxyType = 1;
			remoteGlobalIDString = B28C650322B120AE00916810;
			remoteInfo = LoadFontsFromDisk;
		};
/* End PBXContainerItemProxy section */

/* Begin PBXFileReference section */
		B28C650422B120AE00916810 /* LoadFontsFromDisk.app */ = {isa = PBXFileReference; explicitFileType = wrapper.application; includeInIndex = 0; path = LoadFontsFromDisk.app; sourceTree = BUILT_PRODUCTS_DIR; };
		B28C650722B120AE00916810 /* AppDelegate.swift */ = {isa = PBXFileReference; lastKnownFileType = sourcecode.swift; path = AppDelegate.swift; sourceTree = "<group>"; };
		B28C650922B120AE00916810 /* Assets.xcassets */ = {isa = PBXFileReference; lastKnownFileType = folder.assetcatalog; path = Assets.xcassets; sourceTree = "<group>"; };
		B28C650C22B120AE00916810 /* Base */ = {isa = PBXFileReference; lastKnownFileType = file.xib; name = Base; path = Base.lproj/MainMenu.xib; sourceTree = "<group>"; };
		B28C650E22B120AE00916810 /* Info.plist */ = {isa = PBXFileReference; lastKnownFileType = text.plist.xml; path = Info.plist; sourceTree = "<group>"; };
		B28C650F22B120AE00916810 /* LoadFontsFromDisk.entitlements */ = {isa = PBXFileReference; lastKnownFileType = text.plist.entitlements; path = LoadFontsFromDisk.entitlements; sourceTree = "<group>"; };
		B28C651422B120AF00916810 /* LoadFontsFromDiskTests.xctest */ = {isa = PBXFileReference; explicitFileType = wrapper.cfbundle; includeInIndex = 0; path = LoadFontsFromDiskTests.xctest; sourceTree = BUILT_PRODUCTS_DIR; };
		B28C651822B120AF00916810 /* LoadFontsFromDiskTests.swift */ = {isa = PBXFileReference; lastKnownFileType = sourcecode.swift; path = LoadFontsFromDiskTests.swift; sourceTree = "<group>"; };
		B28C651A22B120AF00916810 /* Info.plist */ = {isa = PBXFileReference; lastKnownFileType = text.plist.xml; path = Info.plist; sourceTree = "<group>"; };
		B28C652322B120D900916810 /* NSFont + initFromPath.swift */ = {isa = PBXFileReference; lastKnownFileType = sourcecode.swift; path = "NSFont + initFromPath.swift"; sourceTree = "<group>"; };
		B28C652722B1901200916810 /* Tree Protocol.swift */ = {isa = PBXFileReference; lastKnownFileType = sourcecode.swift; path = "Tree Protocol.swift"; sourceTree = "<group>"; };
		B28C652922B1908500916810 /* FilesTree.swift */ = {isa = PBXFileReference; lastKnownFileType = sourcecode.swift; path = FilesTree.swift; sourceTree = "<group>"; };
		B2A35B7022B24C08000BA191 /* README.md */ = {isa = PBXFileReference; lastKnownFileType = net.daringfireball.markdown; path = README.md; sourceTree = "<group>"; };
/* End PBXFileReference section */

/* Begin PBXFrameworksBuildPhase section */
		B28C650122B120AE00916810 /* Frameworks */ = {
			isa = PBXFrameworksBuildPhase;
			buildActionMask = 2147483647;
			files = (
			);
			runOnlyForDeploymentPostprocessing = 0;
		};
		B28C651122B120AF00916810 /* Frameworks */ = {
			isa = PBXFrameworksBuildPhase;
			buildActionMask = 2147483647;
			files = (
			);
			runOnlyForDeploymentPostprocessing = 0;
		};
/* End PBXFrameworksBuildPhase section */

/* Begin PBXGroup section */
		B28C64FB22B120AE00916810 = {
			isa = PBXGroup;
			children = (
				B28C650622B120AE00916810 /* LoadFontsFromDisk */,
				B28C651722B120AF00916810 /* LoadFontsFromDiskTests */,
				B28C650522B120AE00916810 /* Products */,
			);
			sourceTree = "<group>";
		};
		B28C650522B120AE00916810 /* Products */ = {
			isa = PBXGroup;
			children = (
				B28C650422B120AE00916810 /* LoadFontsFromDisk.app */,
				B28C651422B120AF00916810 /* LoadFontsFromDiskTests.xctest */,
			);
			name = Products;
			sourceTree = "<group>";
		};
		B28C650622B120AE00916810 /* LoadFontsFromDisk */ = {
			isa = PBXGroup;
			children = (
				B28C652722B1901200916810 /* Tree Protocol.swift */,
				B28C652922B1908500916810 /* FilesTree.swift */,
				B28C652322B120D900916810 /* NSFont + initFromPath.swift */,
				B28C650722B120AE00916810 /* AppDelegate.swift */,
				B28C650922B120AE00916810 /* Assets.xcassets */,
				B28C650B22B120AE00916810 /* MainMenu.xib */,
				B2A35B7022B24C08000BA191 /* README.md */,
				B28C650E22B120AE00916810 /* Info.plist */,
				B28C650F22B120AE00916810 /* LoadFontsFromDisk.entitlements */,
			);
			path = LoadFontsFromDisk;
			sourceTree = "<group>";
		};
		B28C651722B120AF00916810 /* LoadFontsFromDiskTests */ = {
			isa = PBXGroup;
			children = (
				B28C651822B120AF00916810 /* LoadFontsFromDiskTests.swift */,
				B28C651A22B120AF00916810 /* Info.plist */,
			);
			path = LoadFontsFromDiskTests;
			sourceTree = "<group>";
		};
/* End PBXGroup section */

/* Begin PBXNativeTarget section */
		B28C650322B120AE00916810 /* LoadFontsFromDisk */ = {
			isa = PBXNativeTarget;
			buildConfigurationList = B28C651D22B120AF00916810 /* Build configuration list for PBXNativeTarget "LoadFontsFromDisk" */;
			buildPhases = (
				B28C650022B120AE00916810 /* Sources */,
				B28C650122B120AE00916810 /* Frameworks */,
				B28C650222B120AE00916810 /* Resources */,
			);
			buildRules = (
			);
			dependencies = (
			);
			name = LoadFontsFromDisk;
			productName = LoadFontsFromDisk;
			productReference = B28C650422B120AE00916810 /* LoadFontsFromDisk.app */;
			productType = "com.apple.product-type.application";
		};
		B28C651322B120AF00916810 /* LoadFontsFromDiskTests */ = {
			isa = PBXNativeTarget;
			buildConfigurationList = B28C652022B120AF00916810 /* Build configuration list for PBXNativeTarget "LoadFontsFromDiskTests" */;
			buildPhases = (
				B28C651022B120AF00916810 /* Sources */,
				B28C651122B120AF00916810 /* Frameworks */,
				B28C651222B120AF00916810 /* Resources */,
			);
			buildRules = (
			);
			dependencies = (
				B28C651622B120AF00916810 /* PBXTargetDependency */,
			);
			name = LoadFontsFromDiskTests;
			productName = LoadFontsFromDiskTests;
			productReference = B28C651422B120AF00916810 /* LoadFontsFromDiskTests.xctest */;
			productType = "com.apple.product-type.bundle.unit-test";
		};
/* End PBXNativeTarget section */

/* Begin PBXProject section */
		B28C64FC22B120AE00916810 /* Project object */ = {
			isa = PBXProject;
			attributes = {
				LastSwiftUpdateCheck = 1020;
				LastUpgradeCheck = 1020;
				ORGANIZATIONNAME = "Łukasz Dziedzic";
				TargetAttributes = {
					B28C650322B120AE00916810 = {
						CreatedOnToolsVersion = 10.2.1;
					};
					B28C651322B120AF00916810 = {
						CreatedOnToolsVersion = 10.2.1;
						TestTargetID = B28C650322B120AE00916810;
					};
				};
			};
			buildConfigurationList = B28C64FF22B120AE00916810 /* Build configuration list for PBXProject "LoadFontsFromDisk" */;
			compatibilityVersion = "Xcode 9.3";
			developmentRegion = en;
			hasScannedForEncodings = 0;
			knownRegions = (
				en,
				Base,
			);
			mainGroup = B28C64FB22B120AE00916810;
			productRefGroup = B28C650522B120AE00916810 /* Products */;
			projectDirPath = "";
			projectRoot = "";
			targets = (
				B28C650322B120AE00916810 /* LoadFontsFromDisk */,
				B28C651322B120AF00916810 /* LoadFontsFromDiskTests */,
			);
		};
/* End PBXProject section */

/* Begin PBXResourcesBuildPhase section */
		B28C650222B120AE00916810 /* Resources */ = {
			isa = PBXResourcesBuildPhase;
			buildActionMask = 2147483647;
			files = (
				B28C650A22B120AE00916810 /* Assets.xcassets in Resources */,
				B28C650D22B120AE00916810 /* MainMenu.xib in Resources */,
			);
			runOnlyForDeploymentPostprocessing = 0;
		};
		B28C651222B120AF00916810 /* Resources */ = {
			isa = PBXResourcesBuildPhase;
			buildActionMask = 2147483647;
			files = (
			);
			runOnlyForDeploymentPostprocessing = 0;
		};
/* End PBXResourcesBuildPhase section */

/* Begin PBXSourcesBuildPhase section */
		B28C650022B120AE00916810 /* Sources */ = {
			isa = PBXSourcesBuildPhase;
			buildActionMask = 2147483647;
			files = (
				B28C652A22B1908500916810 /* FilesTree.swift in Sources */,
				B28C652422B120D900916810 /* NSFont + initFromPath.swift in Sources */,
				B28C652822B1901200916810 /* Tree Protocol.swift in Sources */,
				B28C650822B120AE00916810 /* AppDelegate.swift in Sources */,
			);
			runOnlyForDeploymentPostprocessing = 0;
		};
		B28C651022B120AF00916810 /* Sources */ = {
			isa = PBXSourcesBuildPhase;
			buildActionMask = 2147483647;
			files = (
				B28C651922B120AF00916810 /* LoadFontsFromDiskTests.swift in Sources */,
			);
			runOnlyForDeploymentPostprocessing = 0;
		};
/* End PBXSourcesBuildPhase section */

/* Begin PBXTargetDependency section */
		B28C651622B120AF00916810 /* PBXTargetDependency */ = {
			isa = PBXTargetDependency;
			target = B28C650322B120AE00916810 /* LoadFontsFromDisk */;
			targetProxy = B28C651522B120AF00916810 /* PBXContainerItemProxy */;
		};
/* End PBXTargetDependency section */

/* Begin PBXVariantGroup section */
		B28C650B22B120AE00916810 /* MainMenu.xib */ = {
			isa = PBXVariantGroup;
			children = (
				B28C650C22B120AE00916810 /* Base */,
			);
			name = MainMenu.xib;
			sourceTree = "<group>";
		};
/* End PBXVariantGroup section */

/* Begin XCBuildConfiguration section */
		B28C651B22B120AF00916810 /* Debug */ = {
			isa = XCBuildConfiguration;
			buildSettings = {
				ALWAYS_SEARCH_USER_PATHS = NO;
				CLANG_ANALYZER_NONNULL = YES;
				CLANG_ANALYZER_NUMBER_OBJECT_CONVERSION = YES_AGGRESSIVE;
				CLANG_CXX_LANGUAGE_STANDARD = "gnu++14";
				CLANG_CXX_LIBRARY = "libc++";
				CLANG_ENABLE_MODULES = YES;
				CLANG_ENABLE_OBJC_ARC = YES;
				CLANG_ENABLE_OBJC_WEAK = YES;
				CLANG_WARN_BLOCK_CAPTURE_AUTORELEASING = YES;
				CLANG_WARN_BOOL_CONVERSION = YES;
				CLANG_WARN_COMMA = YES;
				CLANG_WARN_CONSTANT_CONVERSION = YES;
				CLANG_WARN_DEPRECATED_OBJC_IMPLEMENTATIONS = YES;
				CLANG_WARN_DIRECT_OBJC_ISA_USAGE = YES_ERROR;
				CLANG_WARN_DOCUMENTATION_COMMENTS = YES;
				CLANG_WARN_EMPTY_BODY = YES;
				CLANG_WARN_ENUM_CONVERSION = YES;
				CLANG_WARN_INFINITE_RECURSION = YES;
				CLANG_WARN_INT_CONVERSION = YES;
				CLANG_WARN_NON_LITERAL_NULL_CONVERSION = YES;
				CLANG_WARN_OBJC_IMPLICIT_RETAIN_SELF = YES;
				CLANG_WARN_OBJC_LITERAL_CONVERSION = YES;
				CLANG_WARN_OBJC_ROOT_CLASS = YES_ERROR;
				CLANG_WARN_RANGE_LOOP_ANALYSIS = YES;
				CLANG_WARN_STRICT_PROTOTYPES = YES;
				CLANG_WARN_SUSPICIOUS_MOVE = YES;
				CLANG_WARN_UNGUARDED_AVAILABILITY = YES_AGGRESSIVE;
				CLANG_WARN_UNREACHABLE_CODE = YES;
				CLANG_WARN__DUPLICATE_METHOD_MATCH = YES;
				CODE_SIGN_IDENTITY = "Mac Developer";
				COPY_PHASE_STRIP = NO;
				DEBUG_INFORMATION_FORMAT = dwarf;
				ENABLE_STRICT_OBJC_MSGSEND = YES;
				ENABLE_TESTABILITY = YES;
				GCC_C_LANGUAGE_STANDARD = gnu11;
				GCC_DYNAMIC_NO_PIC = NO;
				GCC_NO_COMMON_BLOCKS = YES;
				GCC_OPTIMIZATION_LEVEL = 0;
				GCC_PREPROCESSOR_DEFINITIONS = (
					"DEBUG=1",
					"$(inherited)",
				);
				GCC_WARN_64_TO_32_BIT_CONVERSION = YES;
				GCC_WARN_ABOUT_RETURN_TYPE = YES_ERROR;
				GCC_WARN_UNDECLARED_SELECTOR = YES;
				GCC_WARN_UNINITIALIZED_AUTOS = YES_AGGRESSIVE;
				GCC_WARN_UNUSED_FUNCTION = YES;
				GCC_WARN_UNUSED_VARIABLE = YES;
				MACOSX_DEPLOYMENT_TARGET = 10.14;
				MTL_ENABLE_DEBUG_INFO = INCLUDE_SOURCE;
				MTL_FAST_MATH = YES;
				ONLY_ACTIVE_ARCH = YES;
				SDKROOT = macosx;
				SWIFT_ACTIVE_COMPILATION_CONDITIONS = DEBUG;
				SWIFT_OPTIMIZATION_LEVEL = "-Onone";
			};
			name = Debug;
		};
		B28C651C22B120AF00916810 /* Release */ = {
			isa = XCBuildConfiguration;
			buildSettings = {
				ALWAYS_SEARCH_USER_PATHS = NO;
				CLANG_ANALYZER_NONNULL = YES;
				CLANG_ANALYZER_NUMBER_OBJECT_CONVERSION = YES_AGGRESSIVE;
				CLANG_CXX_LANGUAGE_STANDARD = "gnu++14";
				CLANG_CXX_LIBRARY = "libc++";
				CLANG_ENABLE_MODULES = YES;
				CLANG_ENABLE_OBJC_ARC = YES;
				CLANG_ENABLE_OBJC_WEAK = YES;
				CLANG_WARN_BLOCK_CAPTURE_AUTORELEASING = YES;
				CLANG_WARN_BOOL_CONVERSION = YES;
				CLANG_WARN_COMMA = YES;
				CLANG_WARN_CONSTANT_CONVERSION = YES;
				CLANG_WARN_DEPRECATED_OBJC_IMPLEMENTATIONS = YES;
				CLANG_WARN_DIRECT_OBJC_ISA_USAGE = YES_ERROR;
				CLANG_WARN_DOCUMENTATION_COMMENTS = YES;
				CLANG_WARN_EMPTY_BODY = YES;
				CLANG_WARN_ENUM_CONVERSION = YES;
				CLANG_WARN_INFINITE_RECURSION = YES;
				CLANG_WARN_INT_CONVERSION = YES;
				CLANG_WARN_NON_LITERAL_NULL_CONVERSION = YES;
				CLANG_WARN_OBJC_IMPLICIT_RETAIN_SELF = YES;
				CLANG_WARN_OBJC_LITERAL_CONVERSION = YES;
				CLANG_WARN_OBJC_ROOT_CLASS = YES_ERROR;
				CLANG_WARN_RANGE_LOOP_ANALYSIS = YES;
				CLANG_WARN_STRICT_PROTOTYPES = YES;
				CLANG_WARN_SUSPICIOUS_MOVE = YES;
				CLANG_WARN_UNGUARDED_AVAILABILITY = YES_AGGRESSIVE;
				CLANG_WARN_UNREACHABLE_CODE = YES;
				CLANG_WARN__DUPLICATE_METHOD_MATCH = YES;
				CODE_SIGN_IDENTITY = "Mac Developer";
				COPY_PHASE_STRIP = NO;
				DEBUG_INFORMATION_FORMAT = "dwarf-with-dsym";
				ENABLE_NS_ASSERTIONS = NO;
				ENABLE_STRICT_OBJC_MSGSEND = YES;
				GCC_C_LANGUAGE_STANDARD = gnu11;
				GCC_NO_COMMON_BLOCKS = YES;
				GCC_WARN_64_TO_32_BIT_CONVERSION = YES;
				GCC_WARN_ABOUT_RETURN_TYPE = YES_ERROR;
				GCC_WARN_UNDECLARED_SELECTOR = YES;
				GCC_WARN_UNINITIALIZED_AUTOS = YES_AGGRESSIVE;
				GCC_WARN_UNUSED_FUNCTION = YES;
				GCC_WARN_UNUSED_VARIABLE = YES;
				MACOSX_DEPLOYMENT_TARGET = 10.14;
				MTL_ENABLE_DEBUG_INFO = NO;
				MTL_FAST_MATH = YES;
				SDKROOT = macosx;
				SWIFT_COMPILATION_MODE = wholemodule;
				SWIFT_OPTIMIZATION_LEVEL = "-O";
			};
			name = Release;
		};
		B28C651E22B120AF00916810 /* Debug */ = {
			isa = XCBuildConfiguration;
			buildSettings = {
				ASSETCATALOG_COMPILER_APPICON_NAME = AppIcon;
				CODE_SIGN_ENTITLEMENTS = LoadFontsFromDisk/LoadFontsFromDisk.entitlements;
				CODE_SIGN_STYLE = Automatic;
				COMBINE_HIDPI_IMAGES = YES;
				DEVELOPMENT_TEAM = 3ASHMCMJEN;
				INFOPLIST_FILE = LoadFontsFromDisk/Info.plist;
				LD_RUNPATH_SEARCH_PATHS = (
					"$(inherited)",
					"@executable_path/../Frameworks",
				);
				PRODUCT_BUNDLE_IDENTIFIER = com.typoland.LoadFontsFromDisk;
				PRODUCT_NAME = "$(TARGET_NAME)";
				SWIFT_VERSION = 5.0;
			};
			name = Debug;
		};
		B28C651F22B120AF00916810 /* Release */ = {
			isa = XCBuildConfiguration;
			buildSettings = {
				ASSETCATALOG_COMPILER_APPICON_NAME = AppIcon;
				CODE_SIGN_ENTITLEMENTS = LoadFontsFromDisk/LoadFontsFromDisk.entitlements;
				CODE_SIGN_STYLE = Automatic;
				COMBINE_HIDPI_IMAGES = YES;
				DEVELOPMENT_TEAM = 3ASHMCMJEN;
				INFOPLIST_FILE = LoadFontsFromDisk/Info.plist;
				LD_RUNPATH_SEARCH_PATHS = (
					"$(inherited)",
					"@executable_path/../Frameworks",
				);
				PRODUCT_BUNDLE_IDENTIFIER = com.typoland.LoadFontsFromDisk;
				PRODUCT_NAME = "$(TARGET_NAME)";
				SWIFT_VERSION = 5.0;
			};
			name = Release;
		};
		B28C652122B120AF00916810 /* Debug */ = {
			isa = XCBuildConfiguration;
			buildSettings = {
				ALWAYS_EMBED_SWIFT_STANDARD_LIBRARIES = YES;
				BUNDLE_LOADER = "$(TEST_HOST)";
				CODE_SIGN_STYLE = Automatic;
				COMBINE_HIDPI_IMAGES = YES;
				DEVELOPMENT_TEAM = 3ASHMCMJEN;
				INFOPLIST_FILE = LoadFontsFromDiskTests/Info.plist;
				LD_RUNPATH_SEARCH_PATHS = (
					"$(inherited)",
					"@executable_path/../Frameworks",
					"@loader_path/../Frameworks",
				);
				PRODUCT_BUNDLE_IDENTIFIER = com.typoland.LoadFontsFromDiskTests;
				PRODUCT_NAME = "$(TARGET_NAME)";
				SWIFT_VERSION = 5.0;
				TEST_HOST = "$(BUILT_PRODUCTS_DIR)/LoadFontsFromDisk.app/Contents/MacOS/LoadFontsFromDisk";
			};
			name = Debug;
		};
		B28C652222B120AF00916810 /* Release */ = {
			isa = XCBuildConfiguration;
			buildSettings = {
				ALWAYS_EMBED_SWIFT_STANDARD_LIBRARIES = YES;
				BUNDLE_LOADER = "$(TEST_HOST)";
				CODE_SIGN_STYLE = Automatic;
				COMBINE_HIDPI_IMAGES = YES;
				DEVELOPMENT_TEAM = 3ASHMCMJEN;
				INFOPLIST_FILE = LoadFontsFromDiskTests/Info.plist;
				LD_RUNPATH_SEARCH_PATHS = (
					"$(inherited)",
					"@executable_path/../Frameworks",
					"@loader_path/../Frameworks",
				);
				PRODUCT_BUNDLE_IDENTIFIER = com.typoland.LoadFontsFromDiskTests;
				PRODUCT_NAME = "$(TARGET_NAME)";
				SWIFT_VERSION = 5.0;
				TEST_HOST = "$(BUILT_PRODUCTS_DIR)/LoadFontsFromDisk.app/Contents/MacOS/LoadFontsFromDisk";
			};
			name = Release;
		};
/* End XCBuildConfiguration section */

/* Begin XCConfigurationList section */
		B28C64FF22B120AE00916810 /* Build configuration list for PBXProject "LoadFontsFromDisk" */ = {
			isa = XCConfigurationList;
			buildConfigurations = (
				B28C651B22B120AF00916810 /* Debug */,
				B28C651C22B120AF00916810 /* Release */,
			);
			defaultConfigurationIsVisible = 0;
			defaultConfigurationName = Release;
		};
		B28C651D22B120AF00916810 /* Build configuration list for PBXNativeTarget "LoadFontsFromDisk" */ = {
			isa = XCConfigurationList;
			buildConfigurations = (
				B28C651E22B120AF00916810 /* Debug */,
				B28C651F22B120AF00916810 /* Release */,
			);
			defaultConfigurationIsVisible = 0;
			defaultConfigurationName = Release;
		};
		B28C652022B120AF00916810 /* Build configuration list for PBXNativeTarget "LoadFontsFromDiskTests" */ = {
			isa = XCConfigurationList;
			buildConfigurations = (
				B28C652122B120AF00916810 /* Debug */,
				B28C652222B120AF00916810 /* Release */,
			);
			defaultConfigurationIsVisible = 0;
			defaultConfigurationName = Release;
		};
/* End XCConfigurationList section */
	};
	rootObject = B28C64FC22B120AE00916810 /* Project object */;
}
